
Microsoft Visual Studio Solution File, Format Version 12.00
# Visual Studio Version 17
VisualStudioVersion = 17.7.34003.232
MinimumVisualStudioVersion = 10.0.40219.1
Project("{8BC9CEB8-8B4A-11D0-8D11-00A0C91BC942}") = "git_test", "git_test.vcxproj", "{C60D1F93-32DE-48A2-A7CA-BE371A149B67}"
EndProject
Global
	GlobalSection(SolutionConfigurationPlatforms) = preSolution
		Debug|x64 = Debug|x64
		Release|x64 = Release|x64
	EndGlobalSection
	GlobalSection(ProjectConfigurationPlatforms) = postSolution
		{C60D1F93-32DE-48A2-A7CA-BE371A149B67}.Debug|x64.ActiveCfg = Debug|x64
		{C60D1F93-32DE-48A2-A7CA-BE371A149B67}.Debug|x64.Build.0 = Debug|x64
		{C60D1F93-32DE-48A2-A7CA-BE371A149B67}.Release|x64.ActiveCfg = Release|x64
		{C60D1F93-32DE-48A2-A7CA-BE371A149B67}.Release|x64.Build.0 = Release|x64
	EndGlobalSection
	GlobalSection(SolutionProperties) = preSolution
		HideSolutionNode = FALSE
	EndGlobalSection
	GlobalSection(ExtensibilityGlobals) = postSolution
		SolutionGuid = {0E733BE0-50D0-4FA5-A488-D07F10C8013B}
	EndGlobalSection
EndGlobal
